
Microsoft Visual Studio Solution File, Format Version 12.00
# Visual Studio Version 17
VisualStudioVersion = 17.8.34525.116
MinimumVisualStudioVersion = 10.0.40219.1
Project("{9A19103F-16F7-4668-BE54-9A1E7A4F7556}") = "AhThawmDotNetCore.ConsoleApp", "AhThawmDotNetCore.ConsoleApp\AhThawmDotNetCore.ConsoleApp.csproj", "{70B9750B-860F-4208-95EC-3CACDB046EC0}"
EndProject
Project("{2150E333-8FDC-42A3-9474-1A3956D46DE8}") = "Documents", "Documents", "{ABFF5B73-18E2-4D52-8C6D-E4BF7DCFF97F}"
	ProjectSection(SolutionItems) = preProject
		README.md = README.md
	EndProjectSection
EndProject
Project("{9A19103F-16F7-4668-BE54-9A1E7A4F7556}") = "AhThawmDotNetCore.WebApi", "AhThawmDotNetCore.WebApi\AhThawmDotNetCore.WebApi.csproj", "{6B125AE3-3957-427A-BE92-CD31C8846D4F}"
EndProject
Project("{9A19103F-16F7-4668-BE54-9A1E7A4F7556}") = "DotNetCore.BirdWebApi", "DotNetCore.BirdWebApi\DotNetCore.BirdWebApi.csproj", "{D7840D63-1570-40BF-9B2D-26018F9967C0}"
EndProject
Project("{9A19103F-16F7-4668-BE54-9A1E7A4F7556}") = "DotNetCore.mvcApp", "DotNetCore.mvcApp\DotNetCore.mvcApp.csproj", "{097141A3-A210-481D-B1E9-348EE26910E1}"
EndProject
Project("{9A19103F-16F7-4668-BE54-9A1E7A4F7556}") = "HomeWork.WebApi", "HomeWork.WebApi\HomeWork.WebApi.csproj", "{87BB63AD-774C-4AD4-8756-0E3DA67F469A}"
EndProject
Project("{9A19103F-16F7-4668-BE54-9A1E7A4F7556}") = "AHThawmDotNetCore.Shared", "AHThawmDotNetCore.Shared\AHThawmDotNetCore.Shared.csproj", "{15B6A855-0524-4D75-94F1-36A859505BF1}"
EndProject
Project("{9A19103F-16F7-4668-BE54-9A1E7A4F7556}") = "AhThawmDotNetCore.MvcApp", "AhThawmDotNetCore.MvcApp\AhThawmDotNetCore.MvcApp.csproj", "{44C41370-2D80-44F5-A9FC-26DFAA30EDD5}"
EndProject
Project("{9A19103F-16F7-4668-BE54-9A1E7A4F7556}") = "AhThawmDotNetCore.MinimalApi", "AhThawmDotNetCore.MinimalApi\AhThawmDotNetCore.MinimalApi.csproj", "{510F6178-7515-4E9F-B633-97C18300E929}"
EndProject
Project("{9A19103F-16F7-4668-BE54-9A1E7A4F7556}") = "AhThawmDotNetCore.ConsoleApp2", "AhThawmDotNetCore.ConsoleApp2\AhThawmDotNetCore.ConsoleApp2.csproj", "{631AB55A-4F98-4FD7-9C84-E792A5028173}"
EndProject
Project("{9A19103F-16F7-4668-BE54-9A1E7A4F7556}") = "AhThawmDotNetCore.UI", "AhThawmDotNetCore.UI\AhThawmDotNetCore.UI.csproj", "{88460A4B-1449-40A9-B137-32FEABC36C85}"
EndProject
Project("{9A19103F-16F7-4668-BE54-9A1E7A4F7556}") = "AhThawmDotNetCore.chatApp", "AhThawmDotNetCore.chatApp\AhThawmDotNetCore.chatApp.csproj", "{A70216DB-8285-4023-9F79-A3450E79AC09}"
EndProject
Project("{9A19103F-16F7-4668-BE54-9A1E7A4F7556}") = "AhThawmDotNetCore.realTimeChartApp", "AhThawmDotNetCore.realTimeChartApp\AhThawmDotNetCore.realTimeChartApp.csproj", "{062ADFAC-5D39-4097-9036-CA8FB1272159}"
EndProject
Project("{9A19103F-16F7-4668-BE54-9A1E7A4F7556}") = "AhThawmDotNetCore.LoginApp", "AhThawmDotNetCore.LoginApp\AhThawmDotNetCore.LoginApp.csproj", "{124784DD-28F5-442F-849E-9DBD5D5CB78D}"
EndProject
Project("{FAE04EC0-301F-11D3-BF4B-00C04F79EFBC}") = "AhThawmDotNetCore.BlazorServerApp", "AhThawmDotNetCore.BlazorServerApp\AhThawmDotNetCore.BlazorServerApp.csproj", "{C9458FE7-9BDD-44B3-9BD6-CDD64FA638B6}"
EndProject
Project("{FAE04EC0-301F-11D3-BF4B-00C04F79EFBC}") = "AhThawmDotNetCore.BlazorWasmApp", "AhThawmDotNetCore.BlazorWasmApp\AhThawmDotNetCore.BlazorWasmApp.csproj", "{84B96E92-282E-48A5-BDA7-52F6CC69458E}"
EndProject
Project("{FAE04EC0-301F-11D3-BF4B-00C04F79EFBC}") = "AhThawmDotNetCore.BlazorClientServer.Server", "AhThawmDotNetCore.BlazorClientServer\Server\AhThawmDotNetCore.BlazorClientServer.Server.csproj", "{EEE0A6E5-61C7-4CBE-A48C-C67A8ACA0109}"
EndProject
Project("{FAE04EC0-301F-11D3-BF4B-00C04F79EFBC}") = "AhThawmDotNetCore.BlazorClientServer.Client", "AhThawmDotNetCore.BlazorClientServer\Client\AhThawmDotNetCore.BlazorClientServer.Client.csproj", "{394BBDD9-92EC-4955-A03A-10CFBC5B194D}"
EndProject
Project("{FAE04EC0-301F-11D3-BF4B-00C04F79EFBC}") = "AhThawmDotNetCore.BlazorClientServer.Shared", "AhThawmDotNetCore.BlazorClientServer\Shared\AhThawmDotNetCore.BlazorClientServer.Shared.csproj", "{E294E87E-13DD-42CD-B48D-05B30441C066}"
EndProject
Global
	GlobalSection(SolutionConfigurationPlatforms) = preSolution
		Debug|Any CPU = Debug|Any CPU
		Release|Any CPU = Release|Any CPU
	EndGlobalSection
	GlobalSection(ProjectConfigurationPlatforms) = postSolution
		{70B9750B-860F-4208-95EC-3CACDB046EC0}.Debug|Any CPU.ActiveCfg = Debug|Any CPU
		{70B9750B-860F-4208-95EC-3CACDB046EC0}.Debug|Any CPU.Build.0 = Debug|Any CPU
		{70B9750B-860F-4208-95EC-3CACDB046EC0}.Release|Any CPU.ActiveCfg = Release|Any CPU
		{70B9750B-860F-4208-95EC-3CACDB046EC0}.Release|Any CPU.Build.0 = Release|Any CPU
		{6B125AE3-3957-427A-BE92-CD31C8846D4F}.Debug|Any CPU.ActiveCfg = Debug|Any CPU
		{6B125AE3-3957-427A-BE92-CD31C8846D4F}.Debug|Any CPU.Build.0 = Debug|Any CPU
		{6B125AE3-3957-427A-BE92-CD31C8846D4F}.Release|Any CPU.ActiveCfg = Release|Any CPU
		{6B125AE3-3957-427A-BE92-CD31C8846D4F}.Release|Any CPU.Build.0 = Release|Any CPU
		{D7840D63-1570-40BF-9B2D-26018F9967C0}.Debug|Any CPU.ActiveCfg = Debug|Any CPU
		{D7840D63-1570-40BF-9B2D-26018F9967C0}.Debug|Any CPU.Build.0 = Debug|Any CPU
		{D7840D63-1570-40BF-9B2D-26018F9967C0}.Release|Any CPU.ActiveCfg = Release|Any CPU
		{D7840D63-1570-40BF-9B2D-26018F9967C0}.Release|Any CPU.Build.0 = Release|Any CPU
		{097141A3-A210-481D-B1E9-348EE26910E1}.Debug|Any CPU.ActiveCfg = Debug|Any CPU
		{097141A3-A210-481D-B1E9-348EE26910E1}.Debug|Any CPU.Build.0 = Debug|Any CPU
		{097141A3-A210-481D-B1E9-348EE26910E1}.Release|Any CPU.ActiveCfg = Release|Any CPU
		{097141A3-A210-481D-B1E9-348EE26910E1}.Release|Any CPU.Build.0 = Release|Any CPU
		{87BB63AD-774C-4AD4-8756-0E3DA67F469A}.Debug|Any CPU.ActiveCfg = Debug|Any CPU
		{87BB63AD-774C-4AD4-8756-0E3DA67F469A}.Debug|Any CPU.Build.0 = Debug|Any CPU
		{87BB63AD-774C-4AD4-8756-0E3DA67F469A}.Release|Any CPU.ActiveCfg = Release|Any CPU
		{87BB63AD-774C-4AD4-8756-0E3DA67F469A}.Release|Any CPU.Build.0 = Release|Any CPU
		{15B6A855-0524-4D75-94F1-36A859505BF1}.Debug|Any CPU.ActiveCfg = Debug|Any CPU
		{15B6A855-0524-4D75-94F1-36A859505BF1}.Debug|Any CPU.Build.0 = Debug|Any CPU
		{15B6A855-0524-4D75-94F1-36A859505BF1}.Release|Any CPU.ActiveCfg = Release|Any CPU
		{15B6A855-0524-4D75-94F1-36A859505BF1}.Release|Any CPU.Build.0 = Release|Any CPU
		{44C41370-2D80-44F5-A9FC-26DFAA30EDD5}.Debug|Any CPU.ActiveCfg = Debug|Any CPU
		{44C41370-2D80-44F5-A9FC-26DFAA30EDD5}.Debug|Any CPU.Build.0 = Debug|Any CPU
		{44C41370-2D80-44F5-A9FC-26DFAA30EDD5}.Release|Any CPU.ActiveCfg = Release|Any CPU
		{44C41370-2D80-44F5-A9FC-26DFAA30EDD5}.Release|Any CPU.Build.0 = Release|Any CPU
		{510F6178-7515-4E9F-B633-97C18300E929}.Debug|Any CPU.ActiveCfg = Debug|Any CPU
		{510F6178-7515-4E9F-B633-97C18300E929}.Debug|Any CPU.Build.0 = Debug|Any CPU
		{510F6178-7515-4E9F-B633-97C18300E929}.Release|Any CPU.ActiveCfg = Release|Any CPU
		{510F6178-7515-4E9F-B633-97C18300E929}.Release|Any CPU.Build.0 = Release|Any CPU
		{631AB55A-4F98-4FD7-9C84-E792A5028173}.Debug|Any CPU.ActiveCfg = Debug|Any CPU
		{631AB55A-4F98-4FD7-9C84-E792A5028173}.Debug|Any CPU.Build.0 = Debug|Any CPU
		{631AB55A-4F98-4FD7-9C84-E792A5028173}.Release|Any CPU.ActiveCfg = Release|Any CPU
		{631AB55A-4F98-4FD7-9C84-E792A5028173}.Release|Any CPU.Build.0 = Release|Any CPU
		{88460A4B-1449-40A9-B137-32FEABC36C85}.Debug|Any CPU.ActiveCfg = Debug|Any CPU
		{88460A4B-1449-40A9-B137-32FEABC36C85}.Debug|Any CPU.Build.0 = Debug|Any CPU
		{88460A4B-1449-40A9-B137-32FEABC36C85}.Release|Any CPU.ActiveCfg = Release|Any CPU
		{88460A4B-1449-40A9-B137-32FEABC36C85}.Release|Any CPU.Build.0 = Release|Any CPU
		{A70216DB-8285-4023-9F79-A3450E79AC09}.Debug|Any CPU.ActiveCfg = Debug|Any CPU
		{A70216DB-8285-4023-9F79-A3450E79AC09}.Debug|Any CPU.Build.0 = Debug|Any CPU
		{A70216DB-8285-4023-9F79-A3450E79AC09}.Release|Any CPU.ActiveCfg = Release|Any CPU
		{A70216DB-8285-4023-9F79-A3450E79AC09}.Release|Any CPU.Build.0 = Release|Any CPU
		{062ADFAC-5D39-4097-9036-CA8FB1272159}.Debug|Any CPU.ActiveCfg = Debug|Any CPU
		{062ADFAC-5D39-4097-9036-CA8FB1272159}.Debug|Any CPU.Build.0 = Debug|Any CPU
		{062ADFAC-5D39-4097-9036-CA8FB1272159}.Release|Any CPU.ActiveCfg = Release|Any CPU
		{062ADFAC-5D39-4097-9036-CA8FB1272159}.Release|Any CPU.Build.0 = Release|Any CPU
		{124784DD-28F5-442F-849E-9DBD5D5CB78D}.Debug|Any CPU.ActiveCfg = Debug|Any CPU
		{124784DD-28F5-442F-849E-9DBD5D5CB78D}.Debug|Any CPU.Build.0 = Debug|Any CPU
		{124784DD-28F5-442F-849E-9DBD5D5CB78D}.Release|Any CPU.ActiveCfg = Release|Any CPU
		{124784DD-28F5-442F-849E-9DBD5D5CB78D}.Release|Any CPU.Build.0 = Release|Any CPU
		{C9458FE7-9BDD-44B3-9BD6-CDD64FA638B6}.Debug|Any CPU.ActiveCfg = Debug|Any CPU
		{C9458FE7-9BDD-44B3-9BD6-CDD64FA638B6}.Debug|Any CPU.Build.0 = Debug|Any CPU
		{C9458FE7-9BDD-44B3-9BD6-CDD64FA638B6}.Release|Any CPU.ActiveCfg = Release|Any CPU
		{C9458FE7-9BDD-44B3-9BD6-CDD64FA638B6}.Release|Any CPU.Build.0 = Release|Any CPU
		{84B96E92-282E-48A5-BDA7-52F6CC69458E}.Debug|Any CPU.ActiveCfg = Debug|Any CPU
		{84B96E92-282E-48A5-BDA7-52F6CC69458E}.Debug|Any CPU.Build.0 = Debug|Any CPU
		{84B96E92-282E-48A5-BDA7-52F6CC69458E}.Release|Any CPU.ActiveCfg = Release|Any CPU
		{84B96E92-282E-48A5-BDA7-52F6CC69458E}.Release|Any CPU.Build.0 = Release|Any CPU
		{EEE0A6E5-61C7-4CBE-A48C-C67A8ACA0109}.Debug|Any CPU.ActiveCfg = Debug|Any CPU
		{EEE0A6E5-61C7-4CBE-A48C-C67A8ACA0109}.Debug|Any CPU.Build.0 = Debug|Any CPU
		{EEE0A6E5-61C7-4CBE-A48C-C67A8ACA0109}.Release|Any CPU.ActiveCfg = Release|Any CPU
		{EEE0A6E5-61C7-4CBE-A48C-C67A8ACA0109}.Release|Any CPU.Build.0 = Release|Any CPU
		{394BBDD9-92EC-4955-A03A-10CFBC5B194D}.Debug|Any CPU.ActiveCfg = Debug|Any CPU
		{394BBDD9-92EC-4955-A03A-10CFBC5B194D}.Debug|Any CPU.Build.0 = Debug|Any CPU
		{394BBDD9-92EC-4955-A03A-10CFBC5B194D}.Release|Any CPU.ActiveCfg = Release|Any CPU
		{394BBDD9-92EC-4955-A03A-10CFBC5B194D}.Release|Any CPU.Build.0 = Release|Any CPU
		{E294E87E-13DD-42CD-B48D-05B30441C066}.Debug|Any CPU.ActiveCfg = Debug|Any CPU
		{E294E87E-13DD-42CD-B48D-05B30441C066}.Debug|Any CPU.Build.0 = Debug|Any CPU
		{E294E87E-13DD-42CD-B48D-05B30441C066}.Release|Any CPU.ActiveCfg = Release|Any CPU
		{E294E87E-13DD-42CD-B48D-05B30441C066}.Release|Any CPU.Build.0 = Release|Any CPU
	EndGlobalSection
	GlobalSection(SolutionProperties) = preSolution
		HideSolutionNode = FALSE
	EndGlobalSection
	GlobalSection(ExtensibilityGlobals) = postSolution
		SolutionGuid = {13FD14A8-327F-4303-947A-1AAF95A75408}
	EndGlobalSection
EndGlobal
