
Microsoft Visual Studio Solution File, Format Version 12.00
# Visual Studio Version 17
VisualStudioVersion = 17.8.34525.116
MinimumVisualStudioVersion = 10.0.40219.1
Project("{9A19103F-16F7-4668-BE54-9A1E7A4F7556}") = "AhThawmDotNetCore.ConsoleApp", "AhThawmDotNetCore.ConsoleApp\AhThawmDotNetCore.ConsoleApp.csproj", "{70B9750B-860F-4208-95EC-3CACDB046EC0}"
EndProject
Project("{2150E333-8FDC-42A3-9474-1A3956D46DE8}") = "Documents", "Documents", "{ABFF5B73-18E2-4D52-8C6D-E4BF7DCFF97F}"
	ProjectSection(SolutionItems) = preProject
		README.md = README.md
	EndProjectSection
EndProject
Project("{9A19103F-16F7-4668-BE54-9A1E7A4F7556}") = "AhThawmDotNetCore.WebApi", "AhThawmDotNetCore.WebApi\AhThawmDotNetCore.WebApi.csproj", "{6B125AE3-3957-427A-BE92-CD31C8846D4F}"
EndProject
Project("{9A19103F-16F7-4668-BE54-9A1E7A4F7556}") = "DotNetCore.BirdWebApi", "DotNetCore.BirdWebApi\DotNetCore.BirdWebApi.csproj", "{D7840D63-1570-40BF-9B2D-26018F9967C0}"
EndProject
Project("{9A19103F-16F7-4668-BE54-9A1E7A4F7556}") = "DotNetCore.mvcApp", "DotNetCore.mvcApp\DotNetCore.mvcApp.csproj", "{097141A3-A210-481D-B1E9-348EE26910E1}"
EndProject
Project("{9A19103F-16F7-4668-BE54-9A1E7A4F7556}") = "HomeWork.WebApi", "HomeWork.WebApi\HomeWork.WebApi.csproj", "{87BB63AD-774C-4AD4-8756-0E3DA67F469A}"
EndProject
Project("{9A19103F-16F7-4668-BE54-9A1E7A4F7556}") = "AHThawmDotNetCore.Shared", "AHThawmDotNetCore.Shared\AHThawmDotNetCore.Shared.csproj", "{15B6A855-0524-4D75-94F1-36A859505BF1}"
EndProject
Project("{9A19103F-16F7-4668-BE54-9A1E7A4F7556}") = "AhThawmDotNetCore.MvcApp", "AhThawmDotNetCore.MvcApp\AhThawmDotNetCore.MvcApp.csproj", "{44C41370-2D80-44F5-A9FC-26DFAA30EDD5}"
EndProject
Project("{9A19103F-16F7-4668-BE54-9A1E7A4F7556}") = "AhThawmDotNetCore.MinimalApi", "AhThawmDotNetCore.MinimalApi\AhThawmDotNetCore.MinimalApi.csproj", "{510F6178-7515-4E9F-B633-97C18300E929}"
EndProject
Project("{FAE04EC0-301F-11D3-BF4B-00C04F79EFBC}") = "AhThawmDotNetCore.ConsoleApp2", "AhThawmDotNetCore.ConsoleApp2\AhThawmDotNetCore.ConsoleApp2.csproj", "{631AB55A-4F98-4FD7-9C84-E792A5028173}"
EndProject
Global
	GlobalSection(SolutionConfigurationPlatforms) = preSolution
		Debug|Any CPU = Debug|Any CPU
		Release|Any CPU = Release|Any CPU
	EndGlobalSection
	GlobalSection(ProjectConfigurationPlatforms) = postSolution
		{70B9750B-860F-4208-95EC-3CACDB046EC0}.Debug|Any CPU.ActiveCfg = Debug|Any CPU
		{70B9750B-860F-4208-95EC-3CACDB046EC0}.Debug|Any CPU.Build.0 = Debug|Any CPU
		{70B9750B-860F-4208-95EC-3CACDB046EC0}.Release|Any CPU.ActiveCfg = Release|Any CPU
		{70B9750B-860F-4208-95EC-3CACDB046EC0}.Release|Any CPU.Build.0 = Release|Any CPU
		{6B125AE3-3957-427A-BE92-CD31C8846D4F}.Debug|Any CPU.ActiveCfg = Debug|Any CPU
		{6B125AE3-3957-427A-BE92-CD31C8846D4F}.Debug|Any CPU.Build.0 = Debug|Any CPU
		{6B125AE3-3957-427A-BE92-CD31C8846D4F}.Release|Any CPU.ActiveCfg = Release|Any CPU
		{6B125AE3-3957-427A-BE92-CD31C8846D4F}.Release|Any CPU.Build.0 = Release|Any CPU
		{D7840D63-1570-40BF-9B2D-26018F9967C0}.Debug|Any CPU.ActiveCfg = Debug|Any CPU
		{D7840D63-1570-40BF-9B2D-26018F9967C0}.Debug|Any CPU.Build.0 = Debug|Any CPU
		{D7840D63-1570-40BF-9B2D-26018F9967C0}.Release|Any CPU.ActiveCfg = Release|Any CPU
		{D7840D63-1570-40BF-9B2D-26018F9967C0}.Release|Any CPU.Build.0 = Release|Any CPU
		{097141A3-A210-481D-B1E9-348EE26910E1}.Debug|Any CPU.ActiveCfg = Debug|Any CPU
		{097141A3-A210-481D-B1E9-348EE26910E1}.Debug|Any CPU.Build.0 = Debug|Any CPU
		{097141A3-A210-481D-B1E9-348EE26910E1}.Release|Any CPU.ActiveCfg = Release|Any CPU
		{097141A3-A210-481D-B1E9-348EE26910E1}.Release|Any CPU.Build.0 = Release|Any CPU
		{87BB63AD-774C-4AD4-8756-0E3DA67F469A}.Debug|Any CPU.ActiveCfg = Debug|Any CPU
		{87BB63AD-774C-4AD4-8756-0E3DA67F469A}.Debug|Any CPU.Build.0 = Debug|Any CPU
		{87BB63AD-774C-4AD4-8756-0E3DA67F469A}.Release|Any CPU.ActiveCfg = Release|Any CPU
		{87BB63AD-774C-4AD4-8756-0E3DA67F469A}.Release|Any CPU.Build.0 = Release|Any CPU
		{15B6A855-0524-4D75-94F1-36A859505BF1}.Debug|Any CPU.ActiveCfg = Debug|Any CPU
		{15B6A855-0524-4D75-94F1-36A859505BF1}.Debug|Any CPU.Build.0 = Debug|Any CPU
		{15B6A855-0524-4D75-94F1-36A859505BF1}.Release|Any CPU.ActiveCfg = Release|Any CPU
		{15B6A855-0524-4D75-94F1-36A859505BF1}.Release|Any CPU.Build.0 = Release|Any CPU
		{44C41370-2D80-44F5-A9FC-26DFAA30EDD5}.Debug|Any CPU.ActiveCfg = Debug|Any CPU
		{44C41370-2D80-44F5-A9FC-26DFAA30EDD5}.Debug|Any CPU.Build.0 = Debug|Any CPU
		{44C41370-2D80-44F5-A9FC-26DFAA30EDD5}.Release|Any CPU.ActiveCfg = Release|Any CPU
		{44C41370-2D80-44F5-A9FC-26DFAA30EDD5}.Release|Any CPU.Build.0 = Release|Any CPU
		{510F6178-7515-4E9F-B633-97C18300E929}.Debug|Any CPU.ActiveCfg = Debug|Any CPU
		{510F6178-7515-4E9F-B633-97C18300E929}.Debug|Any CPU.Build.0 = Debug|Any CPU
		{510F6178-7515-4E9F-B633-97C18300E929}.Release|Any CPU.ActiveCfg = Release|Any CPU
		{510F6178-7515-4E9F-B633-97C18300E929}.Release|Any CPU.Build.0 = Release|Any CPU
		{631AB55A-4F98-4FD7-9C84-E792A5028173}.Debug|Any CPU.ActiveCfg = Debug|Any CPU
		{631AB55A-4F98-4FD7-9C84-E792A5028173}.Debug|Any CPU.Build.0 = Debug|Any CPU
		{631AB55A-4F98-4FD7-9C84-E792A5028173}.Release|Any CPU.ActiveCfg = Release|Any CPU
		{631AB55A-4F98-4FD7-9C84-E792A5028173}.Release|Any CPU.Build.0 = Release|Any CPU
	EndGlobalSection
	GlobalSection(SolutionProperties) = preSolution
		HideSolutionNode = FALSE
	EndGlobalSection
	GlobalSection(ExtensibilityGlobals) = postSolution
		SolutionGuid = {13FD14A8-327F-4303-947A-1AAF95A75408}
	EndGlobalSection
EndGlobal
